
Microsoft Visual Studio Solution File, Format Version 12.00
# Visual Studio Version 16
VisualStudioVersion = 16.0.32228.343
MinimumVisualStudioVersion = 10.0.40219.1
Project("{FAE04EC0-301F-11D3-BF4B-00C04F79EFBC}") = "RetrievingData", "RetrievingData\RetrievingData.csproj", "{FFC32A16-5D38-461D-A4F9-C891C5D19118}"
EndProject
Global
	GlobalSection(SolutionConfigurationPlatforms) = preSolution
		Debug|Any CPU = Debug|Any CPU
		Release|Any CPU = Release|Any CPU
	EndGlobalSection
	GlobalSection(ProjectConfigurationPlatforms) = postSolution
		{FFC32A16-5D38-461D-A4F9-C891C5D19118}.Debug|Any CPU.ActiveCfg = Debug|Any CPU
		{FFC32A16-5D38-461D-A4F9-C891C5D19118}.Debug|Any CPU.Build.0 = Debug|Any CPU
		{FFC32A16-5D38-461D-A4F9-C891C5D19118}.Release|Any CPU.ActiveCfg = Release|Any CPU
		{FFC32A16-5D38-461D-A4F9-C891C5D19118}.Release|Any CPU.Build.0 = Release|Any CPU
	EndGlobalSection
	GlobalSection(SolutionProperties) = preSolution
		HideSolutionNode = FALSE
	EndGlobalSection
	GlobalSection(ExtensibilityGlobals) = postSolution
		SolutionGuid = {206D92E1-0C47-4A04-90AF-6F7C1FF20EE9}
	EndGlobalSection
EndGlobal
